
Microsoft Visual Studio Solution File, Format Version 12.00
# Visual Studio Version 16
VisualStudioVersion = 16.0.33927.289
MinimumVisualStudioVersion = 10.0.40219.1
Project("{C9674DCB-5085-4A16-B785-4C70DD1589BD}") = "Transformations", "Transformations\Transformations.dtproj", "{6D746CAC-B69C-4ACC-A53B-0B0F884F018D}"
EndProject
Global
	GlobalSection(SolutionConfigurationPlatforms) = preSolution
		Development|Default = Development|Default
	EndGlobalSection
	GlobalSection(ProjectConfigurationPlatforms) = postSolution
		{6D746CAC-B69C-4ACC-A53B-0B0F884F018D}.Development|Default.ActiveCfg = Development
		{6D746CAC-B69C-4ACC-A53B-0B0F884F018D}.Development|Default.Build.0 = Development
	EndGlobalSection
	GlobalSection(SolutionProperties) = preSolution
		HideSolutionNode = FALSE
	EndGlobalSection
	GlobalSection(ExtensibilityGlobals) = postSolution
		SolutionGuid = {E4844258-B216-44F9-B923-4A287CFA6EAC}
	EndGlobalSection
EndGlobal
